// !$*UTF8*$!
{
	archiveVersion = 1;
	classes = {
	};
	objectVersion = 46;
	objects = {

/* Begin PBXBuildFile section */
		C503A96D1E428A4A005CF46E /* AppDelegate.swift in Sources */ = {isa = PBXBuildFile; fileRef = C503A96C1E428A4A005CF46E /* AppDelegate.swift */; };
		C503A96F1E428A4A005CF46E /* ViewController.swift in Sources */ = {isa = PBXBuildFile; fileRef = C503A96E1E428A4A005CF46E /* ViewController.swift */; };
		C503A9721E428A4A005CF46E /* Main.storyboard in Resources */ = {isa = PBXBuildFile; fileRef = C503A9701E428A4A005CF46E /* Main.storyboard */; };
		C503A9741E428A4A005CF46E /* Assets.xcassets in Resources */ = {isa = PBXBuildFile; fileRef = C503A9731E428A4A005CF46E /* Assets.xcassets */; };
		C503A9771E428A4A005CF46E /* LaunchScreen.storyboard in Resources */ = {isa = PBXBuildFile; fileRef = C503A9751E428A4A005CF46E /* LaunchScreen.storyboard */; };
		C503A97F1E428B2A005CF46E /* Server.swift in Sources */ = {isa = PBXBuildFile; fileRef = C503A97E1E428B2A005CF46E /* Server.swift */; };
		C503A9811E4291E0005CF46E /* DetailViewController.swift in Sources */ = {isa = PBXBuildFile; fileRef = C503A9801E4291E0005CF46E /* DetailViewController.swift */; };
		C503A98A1E42AE52005CF46E /* DSViewController.swift in Sources */ = {isa = PBXBuildFile; fileRef = C503A9891E42AE52005CF46E /* DSViewController.swift */; };
		C503A98C1E42AE63005CF46E /* ERAViewController.swift in Sources */ = {isa = PBXBuildFile; fileRef = C503A98B1E42AE63005CF46E /* ERAViewController.swift */; };
		C503A98E1E42AE6A005CF46E /* PGDPViewController.swift in Sources */ = {isa = PBXBuildFile; fileRef = C503A98D1E42AE6A005CF46E /* PGDPViewController.swift */; };
		C503A9911E42BF81005CF46E /* SplitViewController.swift in Sources */ = {isa = PBXBuildFile; fileRef = C503A9901E42BF81005CF46E /* SplitViewController.swift */; };
		C546523A1EC8842B003CCFBA /* ds.json in Resources */ = {isa = PBXBuildFile; fileRef = C54652331EC8842B003CCFBA /* ds.json */; };
		C546523B1EC8842B003CCFBA /* era.json in Resources */ = {isa = PBXBuildFile; fileRef = C54652341EC8842B003CCFBA /* era.json */; };
		C546523C1EC8842B003CCFBA /* pgdp.json in Resources */ = {isa = PBXBuildFile; fileRef = C54652351EC8842B003CCFBA /* pgdp.json */; };
		C546523D1EC8842B003CCFBA /* eist.json in Resources */ = {isa = PBXBuildFile; fileRef = C54652371EC8842B003CCFBA /* eist.json */; };
		C546523E1EC8842B003CCFBA /* gad.json in Resources */ = {isa = PBXBuildFile; fileRef = C54652381EC8842B003CCFBA /* gad.json */; };
		C546523F1EC8842B003CCFBA /* la.json in Resources */ = {isa = PBXBuildFile; fileRef = C54652391EC8842B003CCFBA /* la.json */; };
		C552DB081ECB29D4001562A7 /* PlayerViewController.swift in Sources */ = {isa = PBXBuildFile; fileRef = C552DB071ECB29D4001562A7 /* PlayerViewController.swift */; };
/* End PBXBuildFile section */

/* Begin PBXFileReference section */
		C503A9691E428A4A005CF46E /* TUM Player.app */ = {isa = PBXFileReference; explicitFileType = wrapper.application; includeInIndex = 0; path = "TUM Player.app"; sourceTree = BUILT_PRODUCTS_DIR; };
		C503A96C1E428A4A005CF46E /* AppDelegate.swift */ = {isa = PBXFileReference; lastKnownFileType = sourcecode.swift; path = AppDelegate.swift; sourceTree = "<group>"; };
		C503A96E1E428A4A005CF46E /* ViewController.swift */ = {isa = PBXFileReference; lastKnownFileType = sourcecode.swift; path = ViewController.swift; sourceTree = "<group>"; };
		C503A9711E428A4A005CF46E /* Base */ = {isa = PBXFileReference; lastKnownFileType = file.storyboard; name = Base; path = Base.lproj/Main.storyboard; sourceTree = "<group>"; };
		C503A9731E428A4A005CF46E /* Assets.xcassets */ = {isa = PBXFileReference; lastKnownFileType = folder.assetcatalog; path = Assets.xcassets; sourceTree = "<group>"; };
		C503A9761E428A4A005CF46E /* Base */ = {isa = PBXFileReference; lastKnownFileType = file.storyboard; name = Base; path = Base.lproj/LaunchScreen.storyboard; sourceTree = "<group>"; };
		C503A9781E428A4A005CF46E /* Info.plist */ = {isa = PBXFileReference; lastKnownFileType = text.plist.xml; path = Info.plist; sourceTree = "<group>"; };
		C503A97E1E428B2A005CF46E /* Server.swift */ = {isa = PBXFileReference; fileEncoding = 4; lastKnownFileType = sourcecode.swift; path = Server.swift; sourceTree = "<group>"; };
		C503A9801E4291E0005CF46E /* DetailViewController.swift */ = {isa = PBXFileReference; fileEncoding = 4; lastKnownFileType = sourcecode.swift; path = DetailViewController.swift; sourceTree = "<group>"; };
		C503A9841E42A926005CF46E /* icon.psd */ = {isa = PBXFileReference; lastKnownFileType = file; path = icon.psd; sourceTree = "<group>"; };
		C503A9891E42AE52005CF46E /* DSViewController.swift */ = {isa = PBXFileReference; fileEncoding = 4; lastKnownFileType = sourcecode.swift; path = DSViewController.swift; sourceTree = "<group>"; };
		C503A98B1E42AE63005CF46E /* ERAViewController.swift */ = {isa = PBXFileReference; fileEncoding = 4; lastKnownFileType = sourcecode.swift; path = ERAViewController.swift; sourceTree = "<group>"; };
		C503A98D1E42AE6A005CF46E /* PGDPViewController.swift */ = {isa = PBXFileReference; fileEncoding = 4; lastKnownFileType = sourcecode.swift; path = PGDPViewController.swift; sourceTree = "<group>"; };
		C503A9901E42BF81005CF46E /* SplitViewController.swift */ = {isa = PBXFileReference; fileEncoding = 4; lastKnownFileType = sourcecode.swift; path = SplitViewController.swift; sourceTree = "<group>"; };
		C54652331EC8842B003CCFBA /* ds.json */ = {isa = PBXFileReference; fileEncoding = 4; lastKnownFileType = text.json; path = ds.json; sourceTree = "<group>"; };
		C54652341EC8842B003CCFBA /* era.json */ = {isa = PBXFileReference; fileEncoding = 4; lastKnownFileType = text.json; path = era.json; sourceTree = "<group>"; };
		C54652351EC8842B003CCFBA /* pgdp.json */ = {isa = PBXFileReference; fileEncoding = 4; lastKnownFileType = text.json; path = pgdp.json; sourceTree = "<group>"; };
		C54652371EC8842B003CCFBA /* eist.json */ = {isa = PBXFileReference; fileEncoding = 4; lastKnownFileType = text.json; path = eist.json; sourceTree = "<group>"; };
		C54652381EC8842B003CCFBA /* gad.json */ = {isa = PBXFileReference; fileEncoding = 4; lastKnownFileType = text.json; path = gad.json; sourceTree = "<group>"; };
		C54652391EC8842B003CCFBA /* la.json */ = {isa = PBXFileReference; fileEncoding = 4; lastKnownFileType = text.json; path = la.json; sourceTree = "<group>"; };
		C552DB071ECB29D4001562A7 /* PlayerViewController.swift */ = {isa = PBXFileReference; fileEncoding = 4; lastKnownFileType = sourcecode.swift; path = PlayerViewController.swift; sourceTree = "<group>"; };
/* End PBXFileReference section */

/* Begin PBXFrameworksBuildPhase section */
		C503A9661E428A4A005CF46E /* Frameworks */ = {
			isa = PBXFrameworksBuildPhase;
			buildActionMask = 2147483647;
			files = (
			);
			runOnlyForDeploymentPostprocessing = 0;
		};
/* End PBXFrameworksBuildPhase section */

/* Begin PBXGroup section */
		C503A9601E428A4A005CF46E = {
			isa = PBXGroup;
			children = (
				C503A96B1E428A4A005CF46E /* TUM Player */,
				C503A96A1E428A4A005CF46E /* Products */,
			);
			sourceTree = "<group>";
		};
		C503A96A1E428A4A005CF46E /* Products */ = {
			isa = PBXGroup;
			children = (
				C503A9691E428A4A005CF46E /* TUM Player.app */,
			);
			name = Products;
			sourceTree = "<group>";
		};
		C503A96B1E428A4A005CF46E /* TUM Player */ = {
			isa = PBXGroup;
			children = (
				C54652311EC8842B003CCFBA /* json */,
				C503A9841E42A926005CF46E /* icon.psd */,
				C503A96C1E428A4A005CF46E /* AppDelegate.swift */,
				C503A96E1E428A4A005CF46E /* ViewController.swift */,
				C503A9901E42BF81005CF46E /* SplitViewController.swift */,
				C503A9891E42AE52005CF46E /* DSViewController.swift */,
				C503A98B1E42AE63005CF46E /* ERAViewController.swift */,
				C503A98D1E42AE6A005CF46E /* PGDPViewController.swift */,
				C503A9801E4291E0005CF46E /* DetailViewController.swift */,
				C552DB071ECB29D4001562A7 /* PlayerViewController.swift */,
				C503A97E1E428B2A005CF46E /* Server.swift */,
				C503A9701E428A4A005CF46E /* Main.storyboard */,
				C503A9731E428A4A005CF46E /* Assets.xcassets */,
				C503A9751E428A4A005CF46E /* LaunchScreen.storyboard */,
				C503A9781E428A4A005CF46E /* Info.plist */,
			);
			path = "TUM Player";
			sourceTree = "<group>";
		};
		C54652311EC8842B003CCFBA /* json */ = {
			isa = PBXGroup;
			children = (
				C54652321EC8842B003CCFBA /* 1 */,
				C54652361EC8842B003CCFBA /* 2 */,
			);
			path = json;
			sourceTree = "<group>";
		};
		C54652321EC8842B003CCFBA /* 1 */ = {
			isa = PBXGroup;
			children = (
				C54652331EC8842B003CCFBA /* ds.json */,
				C54652341EC8842B003CCFBA /* era.json */,
				C54652351EC8842B003CCFBA /* pgdp.json */,
			);
			path = 1;
			sourceTree = "<group>";
		};
		C54652361EC8842B003CCFBA /* 2 */ = {
			isa = PBXGroup;
			children = (
				C54652371EC8842B003CCFBA /* eist.json */,
				C54652381EC8842B003CCFBA /* gad.json */,
				C54652391EC8842B003CCFBA /* la.json */,
			);
			path = 2;
			sourceTree = "<group>";
		};
/* End PBXGroup section */

/* Begin PBXNativeTarget section */
		C503A9681E428A4A005CF46E /* TUM Player */ = {
			isa = PBXNativeTarget;
			buildConfigurationList = C503A97B1E428A4A005CF46E /* Build configuration list for PBXNativeTarget "TUM Player" */;
			buildPhases = (
				C503A9651E428A4A005CF46E /* Sources */,
				C503A9661E428A4A005CF46E /* Frameworks */,
				C503A9671E428A4A005CF46E /* Resources */,
			);
			buildRules = (
			);
			dependencies = (
			);
			name = "TUM Player";
			productName = "TUM Player";
			productReference = C503A9691E428A4A005CF46E /* TUM Player.app */;
			productType = "com.apple.product-type.application";
		};
/* End PBXNativeTarget section */

/* Begin PBXProject section */
		C503A9611E428A4A005CF46E /* Project object */ = {
			isa = PBXProject;
			attributes = {
				LastSwiftUpdateCheck = 0820;
				LastUpgradeCheck = 0820;
				TargetAttributes = {
					C503A9681E428A4A005CF46E = {
						CreatedOnToolsVersion = 8.2.1;
						DevelopmentTeam = PTHJ3DNH6P;
						ProvisioningStyle = Automatic;
					};
				};
			};
			buildConfigurationList = C503A9641E428A4A005CF46E /* Build configuration list for PBXProject "TUM Player" */;
			compatibilityVersion = "Xcode 3.2";
			developmentRegion = English;
			hasScannedForEncodings = 0;
			knownRegions = (
				en,
				Base,
			);
			mainGroup = C503A9601E428A4A005CF46E;
			productRefGroup = C503A96A1E428A4A005CF46E /* Products */;
			projectDirPath = "";
			projectRoot = "";
			targets = (
				C503A9681E428A4A005CF46E /* TUM Player */,
			);
		};
/* End PBXProject section */

/* Begin PBXResourcesBuildPhase section */
		C503A9671E428A4A005CF46E /* Resources */ = {
			isa = PBXResourcesBuildPhase;
			buildActionMask = 2147483647;
			files = (
				C503A9771E428A4A005CF46E /* LaunchScreen.storyboard in Resources */,
				C503A9741E428A4A005CF46E /* Assets.xcassets in Resources */,
				C546523D1EC8842B003CCFBA /* eist.json in Resources */,
				C546523C1EC8842B003CCFBA /* pgdp.json in Resources */,
				C546523E1EC8842B003CCFBA /* gad.json in Resources */,
				C546523A1EC8842B003CCFBA /* ds.json in Resources */,
				C546523F1EC8842B003CCFBA /* la.json in Resources */,
				C546523B1EC8842B003CCFBA /* era.json in Resources */,
				C503A9721E428A4A005CF46E /* Main.storyboard in Resources */,
			);
			runOnlyForDeploymentPostprocessing = 0;
		};
/* End PBXResourcesBuildPhase section */

/* Begin PBXSourcesBuildPhase section */
		C503A9651E428A4A005CF46E /* Sources */ = {
			isa = PBXSourcesBuildPhase;
			buildActionMask = 2147483647;
			files = (
				C503A96F1E428A4A005CF46E /* ViewController.swift in Sources */,
				C503A97F1E428B2A005CF46E /* Server.swift in Sources */,
				C503A96D1E428A4A005CF46E /* AppDelegate.swift in Sources */,
				C503A9811E4291E0005CF46E /* DetailViewController.swift in Sources */,
				C503A98A1E42AE52005CF46E /* DSViewController.swift in Sources */,
				C552DB081ECB29D4001562A7 /* PlayerViewController.swift in Sources */,
				C503A98E1E42AE6A005CF46E /* PGDPViewController.swift in Sources */,
				C503A98C1E42AE63005CF46E /* ERAViewController.swift in Sources */,
				C503A9911E42BF81005CF46E /* SplitViewController.swift in Sources */,
			);
			runOnlyForDeploymentPostprocessing = 0;
		};
/* End PBXSourcesBuildPhase section */

/* Begin PBXVariantGroup section */
		C503A9701E428A4A005CF46E /* Main.storyboard */ = {
			isa = PBXVariantGroup;
			children = (
				C503A9711E428A4A005CF46E /* Base */,
			);
			name = Main.storyboard;
			sourceTree = "<group>";
		};
		C503A9751E428A4A005CF46E /* LaunchScreen.storyboard */ = {
			isa = PBXVariantGroup;
			children = (
				C503A9761E428A4A005CF46E /* Base */,
			);
			name = LaunchScreen.storyboard;
			sourceTree = "<group>";
		};
/* End PBXVariantGroup section */

/* Begin XCBuildConfiguration section */
		C503A9791E428A4A005CF46E /* Debug */ = {
			isa = XCBuildConfiguration;
			buildSettings = {
				ALWAYS_SEARCH_USER_PATHS = NO;
				CLANG_ANALYZER_NONNULL = YES;
				CLANG_CXX_LANGUAGE_STANDARD = "gnu++0x";
				CLANG_CXX_LIBRARY = "libc++";
				CLANG_ENABLE_MODULES = YES;
				CLANG_ENABLE_OBJC_ARC = YES;
				CLANG_WARN_BOOL_CONVERSION = YES;
				CLANG_WARN_CONSTANT_CONVERSION = YES;
				CLANG_WARN_DIRECT_OBJC_ISA_USAGE = YES_ERROR;
				CLANG_WARN_DOCUMENTATION_COMMENTS = YES;
				CLANG_WARN_EMPTY_BODY = YES;
				CLANG_WARN_ENUM_CONVERSION = YES;
				CLANG_WARN_INFINITE_RECURSION = YES;
				CLANG_WARN_INT_CONVERSION = YES;
				CLANG_WARN_OBJC_ROOT_CLASS = YES_ERROR;
				CLANG_WARN_SUSPICIOUS_MOVE = YES;
				CLANG_WARN_UNREACHABLE_CODE = YES;
				CLANG_WARN__DUPLICATE_METHOD_MATCH = YES;
				"CODE_SIGN_IDENTITY[sdk=iphoneos*]" = "iPhone Developer";
				COPY_PHASE_STRIP = NO;
				DEBUG_INFORMATION_FORMAT = dwarf;
				ENABLE_STRICT_OBJC_MSGSEND = YES;
				ENABLE_TESTABILITY = YES;
				GCC_C_LANGUAGE_STANDARD = gnu99;
				GCC_DYNAMIC_NO_PIC = NO;
				GCC_NO_COMMON_BLOCKS = YES;
				GCC_OPTIMIZATION_LEVEL = 0;
				GCC_PREPROCESSOR_DEFINITIONS = (
					"DEBUG=1",
					"$(inherited)",
				);
				GCC_WARN_64_TO_32_BIT_CONVERSION = YES;
				GCC_WARN_ABOUT_RETURN_TYPE = YES_ERROR;
				GCC_WARN_UNDECLARED_SELECTOR = YES;
				GCC_WARN_UNINITIALIZED_AUTOS = YES_AGGRESSIVE;
				GCC_WARN_UNUSED_FUNCTION = YES;
				GCC_WARN_UNUSED_VARIABLE = YES;
				IPHONEOS_DEPLOYMENT_TARGET = 10.2;
				MTL_ENABLE_DEBUG_INFO = YES;
				ONLY_ACTIVE_ARCH = YES;
				SDKROOT = iphoneos;
				SWIFT_ACTIVE_COMPILATION_CONDITIONS = DEBUG;
				SWIFT_OPTIMIZATION_LEVEL = "-Onone";
				TARGETED_DEVICE_FAMILY = 2;
			};
			name = Debug;
		};
		C503A97A1E428A4A005CF46E /* Release */ = {
			isa = XCBuildConfiguration;
			buildSettings = {
				ALWAYS_SEARCH_USER_PATHS = NO;
				CLANG_ANALYZER_NONNULL = YES;
				CLANG_CXX_LANGUAGE_STANDARD = "gnu++0x";
				CLANG_CXX_LIBRARY = "libc++";
				CLANG_ENABLE_MODULES = YES;
				CLANG_ENABLE_OBJC_ARC = YES;
				CLANG_WARN_BOOL_CONVERSION = YES;
				CLANG_WARN_CONSTANT_CONVERSION = YES;
				CLANG_WARN_DIRECT_OBJC_ISA_USAGE = YES_ERROR;
				CLANG_WARN_DOCUMENTATION_COMMENTS = YES;
				CLANG_WARN_EMPTY_BODY = YES;
				CLANG_WARN_ENUM_CONVERSION = YES;
				CLANG_WARN_INFINITE_RECURSION = YES;
				CLANG_WARN_INT_CONVERSION = YES;
				CLANG_WARN_OBJC_ROOT_CLASS = YES_ERROR;
				CLANG_WARN_SUSPICIOUS_MOVE = YES;
				CLANG_WARN_UNREACHABLE_CODE = YES;
				CLANG_WARN__DUPLICATE_METHOD_MATCH = YES;
				"CODE_SIGN_IDENTITY[sdk=iphoneos*]" = "iPhone Developer";
				COPY_PHASE_STRIP = NO;
				DEBUG_INFORMATION_FORMAT = "dwarf-with-dsym";
				ENABLE_NS_ASSERTIONS = NO;
				ENABLE_STRICT_OBJC_MSGSEND = YES;
				GCC_C_LANGUAGE_STANDARD = gnu99;
				GCC_NO_COMMON_BLOCKS = YES;
				GCC_WARN_64_TO_32_BIT_CONVERSION = YES;
				GCC_WARN_ABOUT_RETURN_TYPE = YES_ERROR;
				GCC_WARN_UNDECLARED_SELECTOR = YES;
				GCC_WARN_UNINITIALIZED_AUTOS = YES_AGGRESSIVE;
				GCC_WARN_UNUSED_FUNCTION = YES;
				GCC_WARN_UNUSED_VARIABLE = YES;
				IPHONEOS_DEPLOYMENT_TARGET = 10.2;
				MTL_ENABLE_DEBUG_INFO = NO;
				SDKROOT = iphoneos;
				SWIFT_OPTIMIZATION_LEVEL = "-Owholemodule";
				TARGETED_DEVICE_FAMILY = 2;
				VALIDATE_PRODUCT = YES;
			};
			name = Release;
		};
		C503A97C1E428A4A005CF46E /* Debug */ = {
			isa = XCBuildConfiguration;
			buildSettings = {
				ASSETCATALOG_COMPILER_APPICON_NAME = AppIcon;
				DEVELOPMENT_TEAM = PTHJ3DNH6P;
				INFOPLIST_FILE = "TUM Player/Info.plist";
				LD_RUNPATH_SEARCH_PATHS = "$(inherited) @executable_path/Frameworks";
				PRODUCT_BUNDLE_IDENTIFIER = "de.finngaida.TUM-Player";
				PRODUCT_NAME = "$(TARGET_NAME)";
				SWIFT_VERSION = 3.0;
				TARGETED_DEVICE_FAMILY = "1,2";
			};
			name = Debug;
		};
		C503A97D1E428A4A005CF46E /* Release */ = {
			isa = XCBuildConfiguration;
			buildSettings = {
				ASSETCATALOG_COMPILER_APPICON_NAME = AppIcon;
				DEVELOPMENT_TEAM = PTHJ3DNH6P;
				INFOPLIST_FILE = "TUM Player/Info.plist";
				LD_RUNPATH_SEARCH_PATHS = "$(inherited) @executable_path/Frameworks";
				PRODUCT_BUNDLE_IDENTIFIER = "de.finngaida.TUM-Player";
				PRODUCT_NAME = "$(TARGET_NAME)";
				SWIFT_VERSION = 3.0;
				TARGETED_DEVICE_FAMILY = "1,2";
			};
			name = Release;
		};
/* End XCBuildConfiguration section */

/* Begin XCConfigurationList section */
		C503A9641E428A4A005CF46E /* Build configuration list for PBXProject "TUM Player" */ = {
			isa = XCConfigurationList;
			buildConfigurations = (
				C503A9791E428A4A005CF46E /* Debug */,
				C503A97A1E428A4A005CF46E /* Release */,
			);
			defaultConfigurationIsVisible = 0;
			defaultConfigurationName = Release;
		};
		C503A97B1E428A4A005CF46E /* Build configuration list for PBXNativeTarget "TUM Player" */ = {
			isa = XCConfigurationList;
			buildConfigurations = (
				C503A97C1E428A4A005CF46E /* Debug */,
				C503A97D1E428A4A005CF46E /* Release */,
			);
			defaultConfigurationIsVisible = 0;
			defaultConfigurationName = Release;
		};
/* End XCConfigurationList section */
	};
	rootObject = C503A9611E428A4A005CF46E /* Project object */;
}
